PODS:
  - Flutter (1.0.0)
  - flutter_walle (0.0.1):
    - Flutter

DEPENDENCIES:
  - Flutter (from `.symlinks/flutter/ios`)
  - flutter_walle (from `.symlinks/plugins/flutter_walle/ios`)

EXTERNAL SOURCES:
  Flutter:
    :path: ".symlinks/flutter/ios"
  flutter_walle:
    :path: ".symlinks/plugins/flutter_walle/ios"

SPEC CHECKSUMS:
  Flutter: 58dd7d1b27887414a370fcccb9e645c08ffd7a6a
  flutter_walle: 064823e23849779438a36a60f47f6e171b05ae68

PODFILE CHECKSUM: aff02bfeed411c636180d6812254b2daeea14d09

COCOAPODS: 1.6.0
